
Microsoft Visual Studio Solution File, Format Version 11.00
# Visual Studio 2010
Project("{FAE04EC0-301F-11D3-BF4B-00C04F79EFBC}") = "UIMF_Viewer", "UIMF_Viewer.csproj", "{7D1D311C-564F-480F-A8BF-CF648D93DF65}"
EndProject
Project("{FAE04EC0-301F-11D3-BF4B-00C04F79EFBC}") = "UIMF_DataViewer", "..\UIMF_DataViewer\UIMF_DataViewer.csproj", "{0ACEC402-1936-4664-9524-100052613ECE}"
EndProject
Global
	GlobalSection(SolutionConfigurationPlatforms) = preSolution
		Debug|Any CPU = Debug|Any CPU
		Debug|x86 = Debug|x86
		Release|Any CPU = Release|Any CPU
		Release|x86 = Release|x86
	EndGlobalSection
	GlobalSection(ProjectConfigurationPlatforms) = postSolution
		{7D1D311C-564F-480F-A8BF-CF648D93DF65}.Debug|Any CPU.ActiveCfg = Debug|Any CPU
		{7D1D311C-564F-480F-A8BF-CF648D93DF65}.Debug|Any CPU.Build.0 = Debug|Any CPU
		{7D1D311C-564F-480F-A8BF-CF648D93DF65}.Debug|x86.ActiveCfg = Debug|Any CPU
		{7D1D311C-564F-480F-A8BF-CF648D93DF65}.Release|Any CPU.ActiveCfg = Release|Any CPU
		{7D1D311C-564F-480F-A8BF-CF648D93DF65}.Release|Any CPU.Build.0 = Release|Any CPU
		{7D1D311C-564F-480F-A8BF-CF648D93DF65}.Release|x86.ActiveCfg = Release|Any CPU
		{0ACEC402-1936-4664-9524-100052613ECE}.Debug|Any CPU.ActiveCfg = Debug|Any CPU
		{0ACEC402-1936-4664-9524-100052613ECE}.Debug|Any CPU.Build.0 = Debug|Any CPU
		{0ACEC402-1936-4664-9524-100052613ECE}.Debug|x86.ActiveCfg = Debug|Any CPU
		{0ACEC402-1936-4664-9524-100052613ECE}.Release|Any CPU.ActiveCfg = Release|Any CPU
		{0ACEC402-1936-4664-9524-100052613ECE}.Release|Any CPU.Build.0 = Release|Any CPU
		{0ACEC402-1936-4664-9524-100052613ECE}.Release|x86.ActiveCfg = Release|Any CPU
	EndGlobalSection
	GlobalSection(SolutionProperties) = preSolution
		HideSolutionNode = FALSE
	EndGlobalSection
EndGlobal
